
Microsoft Visual Studio Solution File, Format Version 12.00
# Visual Studio Version 16
VisualStudioVersion = 16.0.31025.194
MinimumVisualStudioVersion = 10.0.40219.1
Project("{FAE04EC0-301F-11D3-BF4B-00C04F79EFBC}") = "projekt_14.06", "projekt_14.06\projekt_14.06.csproj", "{B83C950C-8678-4295-BDF9-F5B9F42E4BAC}"
EndProject
Global
	GlobalSection(SolutionConfigurationPlatforms) = preSolution
		Debug|Any CPU = Debug|Any CPU
		Release|Any CPU = Release|Any CPU
	EndGlobalSection
	GlobalSection(ProjectConfigurationPlatforms) = postSolution
		{B83C950C-8678-4295-BDF9-F5B9F42E4BAC}.Debug|Any CPU.ActiveCfg = Debug|Any CPU
		{B83C950C-8678-4295-BDF9-F5B9F42E4BAC}.Debug|Any CPU.Build.0 = Debug|Any CPU
		{B83C950C-8678-4295-BDF9-F5B9F42E4BAC}.Release|Any CPU.ActiveCfg = Release|Any CPU
		{B83C950C-8678-4295-BDF9-F5B9F42E4BAC}.Release|Any CPU.Build.0 = Release|Any CPU
	EndGlobalSection
	GlobalSection(SolutionProperties) = preSolution
		HideSolutionNode = FALSE
	EndGlobalSection
	GlobalSection(ExtensibilityGlobals) = postSolution
		SolutionGuid = {83D8F704-1C81-4606-A8F4-07E01DD51AA4}
	EndGlobalSection
EndGlobal
